// !$*UTF8*$!
{
	archiveVersion = 1;
	classes = {
	};
	objectVersion = 46;
	objects = {

/* Begin PBXBuildFile section */
		DF0F89521C9D9BA7003CF716 /* main.m in Sources */ = {isa = PBXBuildFile; fileRef = DF0F89511C9D9BA7003CF716 /* main.m */; };
		DF0F89551C9D9BA7003CF716 /* AppDelegate.m in Sources */ = {isa = PBXBuildFile; fileRef = DF0F89541C9D9BA7003CF716 /* AppDelegate.m */; };
		DF0F89581C9D9BA7003CF716 /* ViewController.m in Sources */ = {isa = PBXBuildFile; fileRef = DF0F89571C9D9BA7003CF716 /* ViewController.m */; };
		DF0F895B1C9D9BA7003CF716 /* Main.storyboard in Resources */ = {isa = PBXBuildFile; fileRef = DF0F89591C9D9BA7003CF716 /* Main.storyboard */; };
		DF0F895D1C9D9BA7003CF716 /* Assets.xcassets in Resources */ = {isa = PBXBuildFile; fileRef = DF0F895C1C9D9BA7003CF716 /* Assets.xcassets */; };
		DF0F89601C9D9BA7003CF716 /* LaunchScreen.storyboard in Resources */ = {isa = PBXBuildFile; fileRef = DF0F895E1C9D9BA7003CF716 /* LaunchScreen.storyboard */; };
		DF0F896D1C9D9CD5003CF716 /* Bolts.framework in Frameworks */ = {isa = PBXBuildFile; fileRef = DF0F89671C9D9CD5003CF716 /* Bolts.framework */; };
		DF0F896E1C9D9CD5003CF716 /* Parse.framework in Frameworks */ = {isa = PBXBuildFile; fileRef = DF0F89681C9D9CD5003CF716 /* Parse.framework */; };
		DF0F896F1C9D9CD5003CF716 /* ParseFacebookUtils.framework in Frameworks */ = {isa = PBXBuildFile; fileRef = DF0F89691C9D9CD5003CF716 /* ParseFacebookUtils.framework */; };
		DF0F89701C9D9CD5003CF716 /* ParseFacebookUtilsV4.framework in Frameworks */ = {isa = PBXBuildFile; fileRef = DF0F896A1C9D9CD5003CF716 /* ParseFacebookUtilsV4.framework */; };
		DF0F89711C9D9CD5003CF716 /* ParseTwitterUtils.framework in Frameworks */ = {isa = PBXBuildFile; fileRef = DF0F896B1C9D9CD5003CF716 /* ParseTwitterUtils.framework */; };
		DF0F89721C9D9CD5003CF716 /* ParseUI.framework in Frameworks */ = {isa = PBXBuildFile; fileRef = DF0F896C1C9D9CD5003CF716 /* ParseUI.framework */; };
		DF0F89741C9D9D03003CF716 /* AudioToolbox.framework in Frameworks */ = {isa = PBXBuildFile; fileRef = DF0F89731C9D9D03003CF716 /* AudioToolbox.framework */; };
		DF0F89761C9D9D09003CF716 /* CFNetwork.framework in Frameworks */ = {isa = PBXBuildFile; fileRef = DF0F89751C9D9D09003CF716 /* CFNetwork.framework */; };
		DF0F89781C9D9D0E003CF716 /* CoreGraphics.framework in Frameworks */ = {isa = PBXBuildFile; fileRef = DF0F89771C9D9D0E003CF716 /* CoreGraphics.framework */; };
		DF0F897A1C9D9D15003CF716 /* CoreLocation.framework in Frameworks */ = {isa = PBXBuildFile; fileRef = DF0F89791C9D9D15003CF716 /* CoreLocation.framework */; };
		DF0F897C1C9D9D1B003CF716 /* QuartzCore.framework in Frameworks */ = {isa = PBXBuildFile; fileRef = DF0F897B1C9D9D1B003CF716 /* QuartzCore.framework */; };
		DF0F897E1C9D9D20003CF716 /* Security.framework in Frameworks */ = {isa = PBXBuildFile; fileRef = DF0F897D1C9D9D20003CF716 /* Security.framework */; };
		DF0F89801C9D9D26003CF716 /* StoreKit.framework in Frameworks */ = {isa = PBXBuildFile; fileRef = DF0F897F1C9D9D26003CF716 /* StoreKit.framework */; };
		DF0F89821C9D9D2B003CF716 /* SystemConfiguration.framework in Frameworks */ = {isa = PBXBuildFile; fileRef = DF0F89811C9D9D2B003CF716 /* SystemConfiguration.framework */; };
		DF0F89841C9D9D30003CF716 /* libz.tbd in Frameworks */ = {isa = PBXBuildFile; fileRef = DF0F89831C9D9D30003CF716 /* libz.tbd */; };
		DF0F89861C9D9D36003CF716 /* libsqlite3.tbd in Frameworks */ = {isa = PBXBuildFile; fileRef = DF0F89851C9D9D36003CF716 /* libsqlite3.tbd */; };
/* End PBXBuildFile section */

/* Begin PBXFileReference section */
		DF0F894D1C9D9BA7003CF716 /* TVBuddy.app */ = {isa = PBXFileReference; explicitFileType = wrapper.application; includeInIndex = 0; path = TVBuddy.app; sourceTree = BUILT_PRODUCTS_DIR; };
		DF0F89511C9D9BA7003CF716 /* main.m */ = {isa = PBXFileReference; lastKnownFileType = sourcecode.c.objc; path = main.m; sourceTree = "<group>"; };
		DF0F89531C9D9BA7003CF716 /* AppDelegate.h */ = {isa = PBXFileReference; lastKnownFileType = sourcecode.c.h; path = AppDelegate.h; sourceTree = "<group>"; };
		DF0F89541C9D9BA7003CF716 /* AppDelegate.m */ = {isa = PBXFileReference; lastKnownFileType = sourcecode.c.objc; path = AppDelegate.m; sourceTree = "<group>"; };
		DF0F89561C9D9BA7003CF716 /* ViewController.h */ = {isa = PBXFileReference; lastKnownFileType = sourcecode.c.h; path = ViewController.h; sourceTree = "<group>"; };
		DF0F89571C9D9BA7003CF716 /* ViewController.m */ = {isa = PBXFileReference; lastKnownFileType = sourcecode.c.objc; path = ViewController.m; sourceTree = "<group>"; };
		DF0F895A1C9D9BA7003CF716 /* Base */ = {isa = PBXFileReference; lastKnownFileType = file.storyboard; name = Base; path = Base.lproj/Main.storyboard; sourceTree = "<group>"; };
		DF0F895C1C9D9BA7003CF716 /* Assets.xcassets */ = {isa = PBXFileReference; lastKnownFileType = folder.assetcatalog; path = Assets.xcassets; sourceTree = "<group>"; };
		DF0F895F1C9D9BA7003CF716 /* Base */ = {isa = PBXFileReference; lastKnownFileType = file.storyboard; name = Base; path = Base.lproj/LaunchScreen.storyboard; sourceTree = "<group>"; };
		DF0F89611C9D9BA7003CF716 /* Info.plist */ = {isa = PBXFileReference; lastKnownFileType = text.plist.xml; path = Info.plist; sourceTree = "<group>"; };
		DF0F89671C9D9CD5003CF716 /* Bolts.framework */ = {isa = PBXFileReference; lastKnownFileType = wrapper.framework; path = Bolts.framework; sourceTree = "<group>"; };
		DF0F89681C9D9CD5003CF716 /* Parse.framework */ = {isa = PBXFileReference; lastKnownFileType = wrapper.framework; path = Parse.framework; sourceTree = "<group>"; };
		DF0F89691C9D9CD5003CF716 /* ParseFacebookUtils.framework */ = {isa = PBXFileReference; lastKnownFileType = wrapper.framework; path = ParseFacebookUtils.framework; sourceTree = "<group>"; };
		DF0F896A1C9D9CD5003CF716 /* ParseFacebookUtilsV4.framework */ = {isa = PBXFileReference; lastKnownFileType = wrapper.framework; path = ParseFacebookUtilsV4.framework; sourceTree = "<group>"; };
		DF0F896B1C9D9CD5003CF716 /* ParseTwitterUtils.framework */ = {isa = PBXFileReference; lastKnownFileType = wrapper.framework; path = ParseTwitterUtils.framework; sourceTree = "<group>"; };
		DF0F896C1C9D9CD5003CF716 /* ParseUI.framework */ = {isa = PBXFileReference; lastKnownFileType = wrapper.framework; path = ParseUI.framework; sourceTree = "<group>"; };
		DF0F89731C9D9D03003CF716 /* AudioToolbox.framework */ = {isa = PBXFileReference; lastKnownFileType = wrapper.framework; name = AudioToolbox.framework; path = System/Library/Frameworks/AudioToolbox.framework; sourceTree = SDKROOT; };
		DF0F89751C9D9D09003CF716 /* CFNetwork.framework */ = {isa = PBXFileReference; lastKnownFileType = wrapper.framework; name = CFNetwork.framework; path = System/Library/Frameworks/CFNetwork.framework; sourceTree = SDKROOT; };
		DF0F89771C9D9D0E003CF716 /* CoreGraphics.framework */ = {isa = PBXFileReference; lastKnownFileType = wrapper.framework; name = CoreGraphics.framework; path = System/Library/Frameworks/CoreGraphics.framework; sourceTree = SDKROOT; };
		DF0F89791C9D9D15003CF716 /* CoreLocation.framework */ = {isa = PBXFileReference; lastKnownFileType = wrapper.framework; name = CoreLocation.framework; path = System/Library/Frameworks/CoreLocation.framework; sourceTree = SDKROOT; };
		DF0F897B1C9D9D1B003CF716 /* QuartzCore.framework */ = {isa = PBXFileReference; lastKnownFileType = wrapper.framework; name = QuartzCore.framework; path = System/Library/Frameworks/QuartzCore.framework; sourceTree = SDKROOT; };
		DF0F897D1C9D9D20003CF716 /* Security.framework */ = {isa = PBXFileReference; lastKnownFileType = wrapper.framework; name = Security.framework; path = System/Library/Frameworks/Security.framework; sourceTree = SDKROOT; };
		DF0F897F1C9D9D26003CF716 /* StoreKit.framework */ = {isa = PBXFileReference; lastKnownFileType = wrapper.framework; name = StoreKit.framework; path = System/Library/Frameworks/StoreKit.framework; sourceTree = SDKROOT; };
		DF0F89811C9D9D2B003CF716 /* SystemConfiguration.framework */ = {isa = PBXFileReference; lastKnownFileType = wrapper.framework; name = SystemConfiguration.framework; path = System/Library/Frameworks/SystemConfiguration.framework; sourceTree = SDKROOT; };
		DF0F89831C9D9D30003CF716 /* libz.tbd */ = {isa = PBXFileReference; lastKnownFileType = "sourcecode.text-based-dylib-definition"; name = libz.tbd; path = usr/lib/libz.tbd; sourceTree = SDKROOT; };
		DF0F89851C9D9D36003CF716 /* libsqlite3.tbd */ = {isa = PBXFileReference; lastKnownFileType = "sourcecode.text-based-dylib-definition"; name = libsqlite3.tbd; path = usr/lib/libsqlite3.tbd; sourceTree = SDKROOT; };
/* End PBXFileReference section */

/* Begin PBXFrameworksBuildPhase section */
		DF0F894A1C9D9BA7003CF716 /* Frameworks */ = {
			isa = PBXFrameworksBuildPhase;
			buildActionMask = 2147483647;
			files = (
				DF0F89861C9D9D36003CF716 /* libsqlite3.tbd in Frameworks */,
				DF0F89841C9D9D30003CF716 /* libz.tbd in Frameworks */,
				DF0F89821C9D9D2B003CF716 /* SystemConfiguration.framework in Frameworks */,
				DF0F89801C9D9D26003CF716 /* StoreKit.framework in Frameworks */,
				DF0F897E1C9D9D20003CF716 /* Security.framework in Frameworks */,
				DF0F897C1C9D9D1B003CF716 /* QuartzCore.framework in Frameworks */,
				DF0F897A1C9D9D15003CF716 /* CoreLocation.framework in Frameworks */,
				DF0F89781C9D9D0E003CF716 /* CoreGraphics.framework in Frameworks */,
				DF0F89761C9D9D09003CF716 /* CFNetwork.framework in Frameworks */,
				DF0F89741C9D9D03003CF716 /* AudioToolbox.framework in Frameworks */,
				DF0F89721C9D9CD5003CF716 /* ParseUI.framework in Frameworks */,
				DF0F896E1C9D9CD5003CF716 /* Parse.framework in Frameworks */,
				DF0F896D1C9D9CD5003CF716 /* Bolts.framework in Frameworks */,
				DF0F89701C9D9CD5003CF716 /* ParseFacebookUtilsV4.framework in Frameworks */,
				DF0F896F1C9D9CD5003CF716 /* ParseFacebookUtils.framework in Frameworks */,
				DF0F89711C9D9CD5003CF716 /* ParseTwitterUtils.framework in Frameworks */,
			);
			runOnlyForDeploymentPostprocessing = 0;
		};
/* End PBXFrameworksBuildPhase section */

/* Begin PBXGroup section */
		DF0F89441C9D9BA7003CF716 = {
			isa = PBXGroup;
			children = (
				DF0F89851C9D9D36003CF716 /* libsqlite3.tbd */,
				DF0F89831C9D9D30003CF716 /* libz.tbd */,
				DF0F89811C9D9D2B003CF716 /* SystemConfiguration.framework */,
				DF0F897F1C9D9D26003CF716 /* StoreKit.framework */,
				DF0F897D1C9D9D20003CF716 /* Security.framework */,
				DF0F897B1C9D9D1B003CF716 /* QuartzCore.framework */,
				DF0F89791C9D9D15003CF716 /* CoreLocation.framework */,
				DF0F89771C9D9D0E003CF716 /* CoreGraphics.framework */,
				DF0F89751C9D9D09003CF716 /* CFNetwork.framework */,
				DF0F89731C9D9D03003CF716 /* AudioToolbox.framework */,
				DF0F89671C9D9CD5003CF716 /* Bolts.framework */,
				DF0F89681C9D9CD5003CF716 /* Parse.framework */,
				DF0F89691C9D9CD5003CF716 /* ParseFacebookUtils.framework */,
				DF0F896A1C9D9CD5003CF716 /* ParseFacebookUtilsV4.framework */,
				DF0F896B1C9D9CD5003CF716 /* ParseTwitterUtils.framework */,
				DF0F896C1C9D9CD5003CF716 /* ParseUI.framework */,
				DF0F894F1C9D9BA7003CF716 /* TVBuddy */,
				DF0F894E1C9D9BA7003CF716 /* Products */,
			);
			sourceTree = "<group>";
		};
		DF0F894E1C9D9BA7003CF716 /* Products */ = {
			isa = PBXGroup;
			children = (
				DF0F894D1C9D9BA7003CF716 /* TVBuddy.app */,
			);
			name = Products;
			sourceTree = "<group>";
		};
		DF0F894F1C9D9BA7003CF716 /* TVBuddy */ = {
			isa = PBXGroup;
			children = (
				DF0F89531C9D9BA7003CF716 /* AppDelegate.h */,
				DF0F89541C9D9BA7003CF716 /* AppDelegate.m */,
				DF0F89561C9D9BA7003CF716 /* ViewController.h */,
				DF0F89571C9D9BA7003CF716 /* ViewController.m */,
				DF0F89591C9D9BA7003CF716 /* Main.storyboard */,
				DF0F895C1C9D9BA7003CF716 /* Assets.xcassets */,
				DF0F895E1C9D9BA7003CF716 /* LaunchScreen.storyboard */,
				DF0F89611C9D9BA7003CF716 /* Info.plist */,
				DF0F89501C9D9BA7003CF716 /* Supporting Files */,
			);
			path = TVBuddy;
			sourceTree = "<group>";
		};
		DF0F89501C9D9BA7003CF716 /* Supporting Files */ = {
			isa = PBXGroup;
			children = (
				DF0F89511C9D9BA7003CF716 /* main.m */,
			);
			name = "Supporting Files";
			sourceTree = "<group>";
		};
/* End PBXGroup section */

/* Begin PBXNativeTarget section */
		DF0F894C1C9D9BA7003CF716 /* TVBuddy */ = {
			isa = PBXNativeTarget;
			buildConfigurationList = DF0F89641C9D9BA7003CF716 /* Build configuration list for PBXNativeTarget "TVBuddy" */;
			buildPhases = (
				DF0F89491C9D9BA7003CF716 /* Sources */,
				DF0F894A1C9D9BA7003CF716 /* Frameworks */,
				DF0F894B1C9D9BA7003CF716 /* Resources */,
			);
			buildRules = (
			);
			dependencies = (
			);
			name = TVBuddy;
			productName = TVBuddy;
			productReference = DF0F894D1C9D9BA7003CF716 /* TVBuddy.app */;
			productType = "com.apple.product-type.application";
		};
/* End PBXNativeTarget section */

/* Begin PBXProject section */
		DF0F89451C9D9BA7003CF716 /* Project object */ = {
			isa = PBXProject;
			attributes = {
				LastUpgradeCheck = 0720;
				ORGANIZATIONNAME = "Lukas Boehler";
				TargetAttributes = {
					DF0F894C1C9D9BA7003CF716 = {
						CreatedOnToolsVersion = 7.2.1;
					};
				};
			};
			buildConfigurationList = DF0F89481C9D9BA7003CF716 /* Build configuration list for PBXProject "TVBuddy" */;
			compatibilityVersion = "Xcode 3.2";
			developmentRegion = English;
			hasScannedForEncodings = 0;
			knownRegions = (
				en,
				Base,
			);
			mainGroup = DF0F89441C9D9BA7003CF716;
			productRefGroup = DF0F894E1C9D9BA7003CF716 /* Products */;
			projectDirPath = "";
			projectRoot = "";
			targets = (
				DF0F894C1C9D9BA7003CF716 /* TVBuddy */,
			);
		};
/* End PBXProject section */

/* Begin PBXResourcesBuildPhase section */
		DF0F894B1C9D9BA7003CF716 /* Resources */ = {
			isa = PBXResourcesBuildPhase;
			buildActionMask = 2147483647;
			files = (
				DF0F89601C9D9BA7003CF716 /* LaunchScreen.storyboard in Resources */,
				DF0F895D1C9D9BA7003CF716 /* Assets.xcassets in Resources */,
				DF0F895B1C9D9BA7003CF716 /* Main.storyboard in Resources */,
			);
			runOnlyForDeploymentPostprocessing = 0;
		};
/* End PBXResourcesBuildPhase section */

/* Begin PBXSourcesBuildPhase section */
		DF0F89491C9D9BA7003CF716 /* Sources */ = {
			isa = PBXSourcesBuildPhase;
			buildActionMask = 2147483647;
			files = (
				DF0F89581C9D9BA7003CF716 /* ViewController.m in Sources */,
				DF0F89551C9D9BA7003CF716 /* AppDelegate.m in Sources */,
				DF0F89521C9D9BA7003CF716 /* main.m in Sources */,
			);
			runOnlyForDeploymentPostprocessing = 0;
		};
/* End PBXSourcesBuildPhase section */

/* Begin PBXVariantGroup section */
		DF0F89591C9D9BA7003CF716 /* Main.storyboard */ = {
			isa = PBXVariantGroup;
			children = (
				DF0F895A1C9D9BA7003CF716 /* Base */,
			);
			name = Main.storyboard;
			sourceTree = "<group>";
		};
		DF0F895E1C9D9BA7003CF716 /* LaunchScreen.storyboard */ = {
			isa = PBXVariantGroup;
			children = (
				DF0F895F1C9D9BA7003CF716 /* Base */,
			);
			name = LaunchScreen.storyboard;
			sourceTree = "<group>";
		};
/* End PBXVariantGroup section */

/* Begin XCBuildConfiguration section */
		DF0F89621C9D9BA7003CF716 /* Debug */ = {
			isa = XCBuildConfiguration;
			buildSettings = {
				ALWAYS_SEARCH_USER_PATHS = NO;
				CLANG_CXX_LANGUAGE_STANDARD = "gnu++0x";
				CLANG_CXX_LIBRARY = "libc++";
				CLANG_ENABLE_MODULES = YES;
				CLANG_ENABLE_OBJC_ARC = YES;
				CLANG_WARN_BOOL_CONVERSION = YES;
				CLANG_WARN_CONSTANT_CONVERSION = YES;
				CLANG_WARN_DIRECT_OBJC_ISA_USAGE = YES_ERROR;
				CLANG_WARN_EMPTY_BODY = YES;
				CLANG_WARN_ENUM_CONVERSION = YES;
				CLANG_WARN_INT_CONVERSION = YES;
				CLANG_WARN_OBJC_ROOT_CLASS = YES_ERROR;
				CLANG_WARN_UNREACHABLE_CODE = YES;
				CLANG_WARN__DUPLICATE_METHOD_MATCH = YES;
				"CODE_SIGN_IDENTITY[sdk=iphoneos*]" = "iPhone Developer";
				COPY_PHASE_STRIP = NO;
				DEBUG_INFORMATION_FORMAT = dwarf;
				ENABLE_STRICT_OBJC_MSGSEND = YES;
				ENABLE_TESTABILITY = YES;
				GCC_C_LANGUAGE_STANDARD = gnu99;
				GCC_DYNAMIC_NO_PIC = NO;
				GCC_NO_COMMON_BLOCKS = YES;
				GCC_OPTIMIZATION_LEVEL = 0;
				GCC_PREPROCESSOR_DEFINITIONS = (
					"DEBUG=1",
					"$(inherited)",
				);
				GCC_WARN_64_TO_32_BIT_CONVERSION = YES;
				GCC_WARN_ABOUT_RETURN_TYPE = YES_ERROR;
				GCC_WARN_UNDECLARED_SELECTOR = YES;
				GCC_WARN_UNINITIALIZED_AUTOS = YES_AGGRESSIVE;
				GCC_WARN_UNUSED_FUNCTION = YES;
				GCC_WARN_UNUSED_VARIABLE = YES;
				IPHONEOS_DEPLOYMENT_TARGET = 9.2;
				MTL_ENABLE_DEBUG_INFO = YES;
				ONLY_ACTIVE_ARCH = YES;
				SDKROOT = iphoneos;
				TARGETED_DEVICE_FAMILY = "1,2";
			};
			name = Debug;
		};
		DF0F89631C9D9BA7003CF716 /* Release */ = {
			isa = XCBuildConfiguration;
			buildSettings = {
				ALWAYS_SEARCH_USER_PATHS = NO;
				CLANG_CXX_LANGUAGE_STANDARD = "gnu++0x";
				CLANG_CXX_LIBRARY = "libc++";
				CLANG_ENABLE_MODULES = YES;
				CLANG_ENABLE_OBJC_ARC = YES;
				CLANG_WARN_BOOL_CONVERSION = YES;
				CLANG_WARN_CONSTANT_CONVERSION = YES;
				CLANG_WARN_DIRECT_OBJC_ISA_USAGE = YES_ERROR;
				CLANG_WARN_EMPTY_BODY = YES;
				CLANG_WARN_ENUM_CONVERSION = YES;
				CLANG_WARN_INT_CONVERSION = YES;
				CLANG_WARN_OBJC_ROOT_CLASS = YES_ERROR;
				CLANG_WARN_UNREACHABLE_CODE = YES;
				CLANG_WARN__DUPLICATE_METHOD_MATCH = YES;
				"CODE_SIGN_IDENTITY[sdk=iphoneos*]" = "iPhone Developer";
				COPY_PHASE_STRIP = NO;
				DEBUG_INFORMATION_FORMAT = "dwarf-with-dsym";
				ENABLE_NS_ASSERTIONS = NO;
				ENABLE_STRICT_OBJC_MSGSEND = YES;
				GCC_C_LANGUAGE_STANDARD = gnu99;
				GCC_NO_COMMON_BLOCKS = YES;
				GCC_WARN_64_TO_32_BIT_CONVERSION = YES;
				GCC_WARN_ABOUT_RETURN_TYPE = YES_ERROR;
				GCC_WARN_UNDECLARED_SELECTOR = YES;
				GCC_WARN_UNINITIALIZED_AUTOS = YES_AGGRESSIVE;
				GCC_WARN_UNUSED_FUNCTION = YES;
				GCC_WARN_UNUSED_VARIABLE = YES;
				IPHONEOS_DEPLOYMENT_TARGET = 9.2;
				MTL_ENABLE_DEBUG_INFO = NO;
				SDKROOT = iphoneos;
				TARGETED_DEVICE_FAMILY = "1,2";
				VALIDATE_PRODUCT = YES;
			};
			name = Release;
		};
		DF0F89651C9D9BA7003CF716 /* Debug */ = {
			isa = XCBuildConfiguration;
			buildSettings = {
				ASSETCATALOG_COMPILER_APPICON_NAME = AppIcon;
				FRAMEWORK_SEARCH_PATHS = (
					"$(inherited)",
					"$(PROJECT_DIR)",
				);
				INFOPLIST_FILE = TVBuddy/Info.plist;
				LD_RUNPATH_SEARCH_PATHS = "$(inherited) @executable_path/Frameworks";
				PRODUCT_BUNDLE_IDENTIFIER = at.appwerkstatt.tvbuddy.TVBuddy;
				PRODUCT_NAME = "$(TARGET_NAME)";
			};
			name = Debug;
		};
		DF0F89661C9D9BA7003CF716 /* Release */ = {
			isa = XCBuildConfiguration;
			buildSettings = {
				ASSETCATALOG_COMPILER_APPICON_NAME = AppIcon;
				FRAMEWORK_SEARCH_PATHS = (
					"$(inherited)",
					"$(PROJECT_DIR)",
				);
				INFOPLIST_FILE = TVBuddy/Info.plist;
				LD_RUNPATH_SEARCH_PATHS = "$(inherited) @executable_path/Frameworks";
				PRODUCT_BUNDLE_IDENTIFIER = at.appwerkstatt.tvbuddy.TVBuddy;
				PRODUCT_NAME = "$(TARGET_NAME)";
			};
			name = Release;
		};
/* End XCBuildConfiguration section */

/* Begin XCConfigurationList section */
		DF0F89481C9D9BA7003CF716 /* Build configuration list for PBXProject "TVBuddy" */ = {
			isa = XCConfigurationList;
			buildConfigurations = (
				DF0F89621C9D9BA7003CF716 /* Debug */,
				DF0F89631C9D9BA7003CF716 /* Release */,
			);
			defaultConfigurationIsVisible = 0;
			defaultConfigurationName = Release;
		};
		DF0F89641C9D9BA7003CF716 /* Build configuration list for PBXNativeTarget "TVBuddy" */ = {
			isa = XCConfigurationList;
			buildConfigurations = (
				DF0F89651C9D9BA7003CF716 /* Debug */,
				DF0F89661C9D9BA7003CF716 /* Release */,
			);
			defaultConfigurationIsVisible = 0;
		};
/* End XCConfigurationList section */
	};
	rootObject = DF0F89451C9D9BA7003CF716 /* Project object */;
}
